
Microsoft Visual Studio Solution File, Format Version 12.00
# Visual Studio Version 17
VisualStudioVersion = 17.3.32922.545
MinimumVisualStudioVersion = 10.0.40219.1
Project("{9A19103F-16F7-4668-BE54-9A1E7A4F7556}") = "USTeQuake", "USTeQuake\USTeQuake.csproj", "{65712CD7-9790-4523-A5A3-4FB559396E10}"
EndProject
Global
	GlobalSection(SolutionConfigurationPlatforms) = preSolution
		Debug|Any CPU = Debug|Any CPU
		Release|Any CPU = Release|Any CPU
	EndGlobalSection
	GlobalSection(ProjectConfigurationPlatforms) = postSolution
		{65712CD7-9790-4523-A5A3-4FB559396E10}.Debug|Any CPU.ActiveCfg = Debug|Any CPU
		{65712CD7-9790-4523-A5A3-4FB559396E10}.Debug|Any CPU.Build.0 = Debug|Any CPU
		{65712CD7-9790-4523-A5A3-4FB559396E10}.Release|Any CPU.ActiveCfg = Release|Any CPU
		{65712CD7-9790-4523-A5A3-4FB559396E10}.Release|Any CPU.Build.0 = Release|Any CPU
	EndGlobalSection
	GlobalSection(SolutionProperties) = preSolution
		HideSolutionNode = FALSE
	EndGlobalSection
	GlobalSection(ExtensibilityGlobals) = postSolution
		SolutionGuid = {4C19E826-8534-4452-BDE9-C3A89A27B2E1}
	EndGlobalSection
EndGlobal
